{
  "requires": true,
  "lockfileVersion": 1,
  "dependencies": {
    "conversational-form": {
      "version": "1.0.1",
      "resolved": "https://registry.npmjs.org/conversational-form/-/conversational-form-1.0.1.tgz",
      "integrity": "sha512-CJJmhjnqXs1JZdn/+GUs6+LIDP/lgc/rvHF/h38Bi6XklDQBKm9fR0oK0FsOK5QAM7WhSgOmynpgjs8UmYQ7OQ=="
    }
  }
}
